// !$*UTF8*$!
{
	archiveVersion = 1;
	classes = {
	};
	objectVersion = 56;
	objects = {

/* Begin PBXBuildFile section */
		035F2C192A5C61F900BF59C0 /* MoisturizerInfo.swift in Sources */ = {isa = PBXBuildFile; fileRef = 035F2C182A5C61F900BF59C0 /* MoisturizerInfo.swift */; };
		03BCEB952A549E8A00AD1AF3 /* Estee_Lauder_ChallengeApp.swift in Sources */ = {isa = PBXBuildFile; fileRef = 03BCEB942A549E8A00AD1AF3 /* Estee_Lauder_ChallengeApp.swift */; };
		03BCEB972A549E8A00AD1AF3 /* ContentView.swift in Sources */ = {isa = PBXBuildFile; fileRef = 03BCEB962A549E8A00AD1AF3 /* ContentView.swift */; };
		03BCEB992A549E9100AD1AF3 /* Assets.xcassets in Resources */ = {isa = PBXBuildFile; fileRef = 03BCEB982A549E9100AD1AF3 /* Assets.xcassets */; };
		03BCEB9C2A549E9100AD1AF3 /* Preview Assets.xcassets in Resources */ = {isa = PBXBuildFile; fileRef = 03BCEB9B2A549E9100AD1AF3 /* Preview Assets.xcassets */; };
		03BCEBA32A549EC500AD1AF3 /* quiz.swift in Sources */ = {isa = PBXBuildFile; fileRef = 03BCEBA22A549EC500AD1AF3 /* quiz.swift */; };
/* End PBXBuildFile section */

/* Begin PBXFileReference section */
		035F2C182A5C61F900BF59C0 /* MoisturizerInfo.swift */ = {isa = PBXFileReference; lastKnownFileType = sourcecode.swift; path = MoisturizerInfo.swift; sourceTree = "<group>"; };
		03BCEB912A549E8A00AD1AF3 /* Estee Lauder Challenge.app */ = {isa = PBXFileReference; explicitFileType = wrapper.application; includeInIndex = 0; path = "Estee Lauder Challenge.app"; sourceTree = BUILT_PRODUCTS_DIR; };
		03BCEB942A549E8A00AD1AF3 /* Estee_Lauder_ChallengeApp.swift */ = {isa = PBXFileReference; lastKnownFileType = sourcecode.swift; path = Estee_Lauder_ChallengeApp.swift; sourceTree = "<group>"; };
		03BCEB962A549E8A00AD1AF3 /* ContentView.swift */ = {isa = PBXFileReference; lastKnownFileType = sourcecode.swift; path = ContentView.swift; sourceTree = "<group>"; };
		03BCEB982A549E9100AD1AF3 /* Assets.xcassets */ = {isa = PBXFileReference; lastKnownFileType = folder.assetcatalog; path = Assets.xcassets; sourceTree = "<group>"; };
		03BCEB9B2A549E9100AD1AF3 /* Preview Assets.xcassets */ = {isa = PBXFileReference; lastKnownFileType = folder.assetcatalog; path = "Preview Assets.xcassets"; sourceTree = "<group>"; };
		03BCEBA22A549EC500AD1AF3 /* quiz.swift */ = {isa = PBXFileReference; lastKnownFileType = sourcecode.swift; path = quiz.swift; sourceTree = "<group>"; };
/* End PBXFileReference section */

/* Begin PBXFrameworksBuildPhase section */
		03BCEB8E2A549E8A00AD1AF3 /* Frameworks */ = {
			isa = PBXFrameworksBuildPhase;
			buildActionMask = 2147483647;
			files = (
			);
			runOnlyForDeploymentPostprocessing = 0;
		};
/* End PBXFrameworksBuildPhase section */

/* Begin PBXGroup section */
		03BCEB882A549E8900AD1AF3 = {
			isa = PBXGroup;
			children = (
				03BCEB932A549E8A00AD1AF3 /* Estee Lauder Challenge */,
				03BCEB922A549E8A00AD1AF3 /* Products */,
			);
			sourceTree = "<group>";
		};
		03BCEB922A549E8A00AD1AF3 /* Products */ = {
			isa = PBXGroup;
			children = (
				03BCEB912A549E8A00AD1AF3 /* Estee Lauder Challenge.app */,
			);
			name = Products;
			sourceTree = "<group>";
		};
		03BCEB932A549E8A00AD1AF3 /* Estee Lauder Challenge */ = {
			isa = PBXGroup;
			children = (
				03BCEB942A549E8A00AD1AF3 /* Estee_Lauder_ChallengeApp.swift */,
				03BCEB962A549E8A00AD1AF3 /* ContentView.swift */,
				035F2C182A5C61F900BF59C0 /* MoisturizerInfo.swift */,
				03BCEBA22A549EC500AD1AF3 /* quiz.swift */,
				03BCEB982A549E9100AD1AF3 /* Assets.xcassets */,
				03BCEB9A2A549E9100AD1AF3 /* Preview Content */,
			);
			path = "Estee Lauder Challenge";
			sourceTree = "<group>";
		};
		03BCEB9A2A549E9100AD1AF3 /* Preview Content */ = {
			isa = PBXGroup;
			children = (
				03BCEB9B2A549E9100AD1AF3 /* Preview Assets.xcassets */,
			);
			path = "Preview Content";
			sourceTree = "<group>";
		};
/* End PBXGroup section */

/* Begin PBXNativeTarget section */
		03BCEB902A549E8A00AD1AF3 /* Estee Lauder Challenge */ = {
			isa = PBXNativeTarget;
			buildConfigurationList = 03BCEB9F2A549E9100AD1AF3 /* Build configuration list for PBXNativeTarget "Estee Lauder Challenge" */;
			buildPhases = (
				03BCEB8D2A549E8A00AD1AF3 /* Sources */,
				03BCEB8E2A549E8A00AD1AF3 /* Frameworks */,
				03BCEB8F2A549E8A00AD1AF3 /* Resources */,
			);
			buildRules = (
			);
			dependencies = (
			);
			name = "Estee Lauder Challenge";
			productName = "Estee Lauder Challenge";
			productReference = 03BCEB912A549E8A00AD1AF3 /* Estee Lauder Challenge.app */;
			productType = "com.apple.product-type.application";
		};
/* End PBXNativeTarget section */

/* Begin PBXProject section */
		03BCEB892A549E8900AD1AF3 /* Project object */ = {
			isa = PBXProject;
			attributes = {
				BuildIndependentTargetsInParallel = 1;
				LastSwiftUpdateCheck = 1430;
				LastUpgradeCheck = 1430;
				TargetAttributes = {
					03BCEB902A549E8A00AD1AF3 = {
						CreatedOnToolsVersion = 14.3.1;
					};
				};
			};
			buildConfigurationList = 03BCEB8C2A549E8A00AD1AF3 /* Build configuration list for PBXProject "Estee Lauder Challenge" */;
			compatibilityVersion = "Xcode 14.0";
			developmentRegion = en;
			hasScannedForEncodings = 0;
			knownRegions = (
				en,
				Base,
			);
			mainGroup = 03BCEB882A549E8900AD1AF3;
			productRefGroup = 03BCEB922A549E8A00AD1AF3 /* Products */;
			projectDirPath = "";
			projectRoot = "";
			targets = (
				03BCEB902A549E8A00AD1AF3 /* Estee Lauder Challenge */,
			);
		};
/* End PBXProject section */

/* Begin PBXResourcesBuildPhase section */
		03BCEB8F2A549E8A00AD1AF3 /* Resources */ = {
			isa = PBXResourcesBuildPhase;
			buildActionMask = 2147483647;
			files = (
				03BCEB9C2A549E9100AD1AF3 /* Preview Assets.xcassets in Resources */,
				03BCEB992A549E9100AD1AF3 /* Assets.xcassets in Resources */,
			);
			runOnlyForDeploymentPostprocessing = 0;
		};
/* End PBXResourcesBuildPhase section */

/* Begin PBXSourcesBuildPhase section */
		03BCEB8D2A549E8A00AD1AF3 /* Sources */ = {
			isa = PBXSourcesBuildPhase;
			buildActionMask = 2147483647;
			files = (
				03BCEB972A549E8A00AD1AF3 /* ContentView.swift in Sources */,
				035F2C192A5C61F900BF59C0 /* MoisturizerInfo.swift in Sources */,
				03BCEB952A549E8A00AD1AF3 /* Estee_Lauder_ChallengeApp.swift in Sources */,
				03BCEBA32A549EC500AD1AF3 /* quiz.swift in Sources */,
			);
			runOnlyForDeploymentPostprocessing = 0;
		};
/* End PBXSourcesBuildPhase section */

/* Begin XCBuildConfiguration section */
		03BCEB9D2A549E9100AD1AF3 /* Debug */ = {
			isa = XCBuildConfiguration;
			buildSettings = {
				ALWAYS_SEARCH_USER_PATHS = NO;
				CLANG_ANALYZER_NONNULL = YES;
				CLANG_ANALYZER_NUMBER_OBJECT_CONVERSION = YES_AGGRESSIVE;
				CLANG_CXX_LANGUAGE_STANDARD = "gnu++20";
				CLANG_ENABLE_MODULES = YES;
				CLANG_ENABLE_OBJC_ARC = YES;
				CLANG_ENABLE_OBJC_WEAK = YES;
				CLANG_WARN_BLOCK_CAPTURE_AUTORELEASING = YES;
				CLANG_WARN_BOOL_CONVERSION = YES;
				CLANG_WARN_COMMA = YES;
				CLANG_WARN_CONSTANT_CONVERSION = YES;
				CLANG_WARN_DEPRECATED_OBJC_IMPLEMENTATIONS = YES;
				CLANG_WARN_DIRECT_OBJC_ISA_USAGE = YES_ERROR;
				CLANG_WARN_DOCUMENTATION_COMMENTS = YES;
				CLANG_WARN_EMPTY_BODY = YES;
				CLANG_WARN_ENUM_CONVERSION = YES;
				CLANG_WARN_INFINITE_RECURSION = YES;
				CLANG_WARN_INT_CONVERSION = YES;
				CLANG_WARN_NON_LITERAL_NULL_CONVERSION = YES;
				CLANG_WARN_OBJC_IMPLICIT_RETAIN_SELF = YES;
				CLANG_WARN_OBJC_LITERAL_CONVERSION = YES;
				CLANG_WARN_OBJC_ROOT_CLASS = YES_ERROR;
				CLANG_WARN_QUOTED_INCLUDE_IN_FRAMEWORK_HEADER = YES;
				CLANG_WARN_RANGE_LOOP_ANALYSIS = YES;
				CLANG_WARN_STRICT_PROTOTYPES = YES;
				CLANG_WARN_SUSPICIOUS_MOVE = YES;
				CLANG_WARN_UNGUARDED_AVAILABILITY = YES_AGGRESSIVE;
				CLANG_WARN_UNREACHABLE_CODE = YES;
				CLANG_WARN__DUPLICATE_METHOD_MATCH = YES;
				COPY_PHASE_STRIP = NO;
				DEBUG_INFORMATION_FORMAT = dwarf;
				ENABLE_STRICT_OBJC_MSGSEND = YES;
				ENABLE_TESTABILITY = YES;
				GCC_C_LANGUAGE_STANDARD = gnu11;
				GCC_DYNAMIC_NO_PIC = NO;
				GCC_NO_COMMON_BLOCKS = YES;
				GCC_OPTIMIZATION_LEVEL = 0;
				GCC_PREPROCESSOR_DEFINITIONS = (
					"DEBUG=1",
					"$(inherited)",
				);
				GCC_WARN_64_TO_32_BIT_CONVERSION = YES;
				GCC_WARN_ABOUT_RETURN_TYPE = YES_ERROR;
				GCC_WARN_UNDECLARED_SELECTOR = YES;
				GCC_WARN_UNINITIALIZED_AUTOS = YES_AGGRESSIVE;
				GCC_WARN_UNUSED_FUNCTION = YES;
				GCC_WARN_UNUSED_VARIABLE = YES;
				IPHONEOS_DEPLOYMENT_TARGET = 16.4;
				MTL_ENABLE_DEBUG_INFO = INCLUDE_SOURCE;
				MTL_FAST_MATH = YES;
				ONLY_ACTIVE_ARCH = YES;
				SDKROOT = iphoneos;
				SWIFT_ACTIVE_COMPILATION_CONDITIONS = DEBUG;
				SWIFT_OPTIMIZATION_LEVEL = "-Onone";
			};
			name = Debug;
		};
		03BCEB9E2A549E9100AD1AF3 /* Release */ = {
			isa = XCBuildConfiguration;
			buildSettings = {
				ALWAYS_SEARCH_USER_PATHS = NO;
				CLANG_ANALYZER_NONNULL = YES;
				CLANG_ANALYZER_NUMBER_OBJECT_CONVERSION = YES_AGGRESSIVE;
				CLANG_CXX_LANGUAGE_STANDARD = "gnu++20";
				CLANG_ENABLE_MODULES = YES;
				CLANG_ENABLE_OBJC_ARC = YES;
				CLANG_ENABLE_OBJC_WEAK = YES;
				CLANG_WARN_BLOCK_CAPTURE_AUTORELEASING = YES;
				CLANG_WARN_BOOL_CONVERSION = YES;
				CLANG_WARN_COMMA = YES;
				CLANG_WARN_CONSTANT_CONVERSION = YES;
				CLANG_WARN_DEPRECATED_OBJC_IMPLEMENTATIONS = YES;
				CLANG_WARN_DIRECT_OBJC_ISA_USAGE = YES_ERROR;
				CLANG_WARN_DOCUMENTATION_COMMENTS = YES;
				CLANG_WARN_EMPTY_BODY = YES;
				CLANG_WARN_ENUM_CONVERSION = YES;
				CLANG_WARN_INFINITE_RECURSION = YES;
				CLANG_WARN_INT_CONVERSION = YES;
				CLANG_WARN_NON_LITERAL_NULL_CONVERSION = YES;
				CLANG_WARN_OBJC_IMPLICIT_RETAIN_SELF = YES;
				CLANG_WARN_OBJC_LITERAL_CONVERSION = YES;
				CLANG_WARN_OBJC_ROOT_CLASS = YES_ERROR;
				CLANG_WARN_QUOTED_INCLUDE_IN_FRAMEWORK_HEADER = YES;
				CLANG_WARN_RANGE_LOOP_ANALYSIS = YES;
				CLANG_WARN_STRICT_PROTOTYPES = YES;
				CLANG_WARN_SUSPICIOUS_MOVE = YES;
				CLANG_WARN_UNGUARDED_AVAILABILITY = YES_AGGRESSIVE;
				CLANG_WARN_UNREACHABLE_CODE = YES;
				CLANG_WARN__DUPLICATE_METHOD_MATCH = YES;
				COPY_PHASE_STRIP = NO;
				DEBUG_INFORMATION_FORMAT = "dwarf-with-dsym";
				ENABLE_NS_ASSERTIONS = NO;
				ENABLE_STRICT_OBJC_MSGSEND = YES;
				GCC_C_LANGUAGE_STANDARD = gnu11;
				GCC_NO_COMMON_BLOCKS = YES;
				GCC_WARN_64_TO_32_BIT_CONVERSION = YES;
				GCC_WARN_ABOUT_RETURN_TYPE = YES_ERROR;
				GCC_WARN_UNDECLARED_SELECTOR = YES;
				GCC_WARN_UNINITIALIZED_AUTOS = YES_AGGRESSIVE;
				GCC_WARN_UNUSED_FUNCTION = YES;
				GCC_WARN_UNUSED_VARIABLE = YES;
				IPHONEOS_DEPLOYMENT_TARGET = 16.4;
				MTL_ENABLE_DEBUG_INFO = NO;
				MTL_FAST_MATH = YES;
				SDKROOT = iphoneos;
				SWIFT_COMPILATION_MODE = wholemodule;
				SWIFT_OPTIMIZATION_LEVEL = "-O";
				VALIDATE_PRODUCT = YES;
			};
			name = Release;
		};
		03BCEBA02A549E9100AD1AF3 /* Debug */ = {
			isa = XCBuildConfiguration;
			buildSettings = {
				ASSETCATALOG_COMPILER_APPICON_NAME = AppIcon;
				ASSETCATALOG_COMPILER_GLOBAL_ACCENT_COLOR_NAME = AccentColor;
				CODE_SIGN_STYLE = Automatic;
				CURRENT_PROJECT_VERSION = 1;
				DEVELOPMENT_ASSET_PATHS = "\"Estee Lauder Challenge/Preview Content\"";
				ENABLE_PREVIEWS = YES;
				GENERATE_INFOPLIST_FILE = YES;
				INFOPLIST_KEY_UIApplicationSceneManifest_Generation = YES;
				INFOPLIST_KEY_UIApplicationSupportsIndirectInputEvents = YES;
				INFOPLIST_KEY_UILaunchScreen_Generation = YES;
				INFOPLIST_KEY_UISupportedInterfaceOrientations_iPad = "UIInterfaceOrientationPortrait UIInterfaceOrientationPortraitUpsideDown UIInterfaceOrientationLandscapeLeft UIInterfaceOrientationLandscapeRight";
				INFOPLIST_KEY_UISupportedInterfaceOrientations_iPhone = "UIInterfaceOrientationPortrait UIInterfaceOrientationLandscapeLeft UIInterfaceOrientationLandscapeRight";
				LD_RUNPATH_SEARCH_PATHS = (
					"$(inherited)",
					"@executable_path/Frameworks",
				);
				MARKETING_VERSION = 1.0;
				PRODUCT_BUNDLE_IDENTIFIER = "kwk.Estee-Lauder-Challenge";
				PRODUCT_NAME = "$(TARGET_NAME)";
				SWIFT_EMIT_LOC_STRINGS = YES;
				SWIFT_VERSION = 5.0;
				TARGETED_DEVICE_FAMILY = "1,2";
			};
			name = Debug;
		};
		03BCEBA12A549E9100AD1AF3 /* Release */ = {
			isa = XCBuildConfiguration;
			buildSettings = {
				ASSETCATALOG_COMPILER_APPICON_NAME = AppIcon;
				ASSETCATALOG_COMPILER_GLOBAL_ACCENT_COLOR_NAME = AccentColor;
				CODE_SIGN_STYLE = Automatic;
				CURRENT_PROJECT_VERSION = 1;
				DEVELOPMENT_ASSET_PATHS = "\"Estee Lauder Challenge/Preview Content\"";
				ENABLE_PREVIEWS = YES;
				GENERATE_INFOPLIST_FILE = YES;
				INFOPLIST_KEY_UIApplicationSceneManifest_Generation = YES;
				INFOPLIST_KEY_UIApplicationSupportsIndirectInputEvents = YES;
				INFOPLIST_KEY_UILaunchScreen_Generation = YES;
				INFOPLIST_KEY_UISupportedInterfaceOrientations_iPad = "UIInterfaceOrientationPortrait UIInterfaceOrientationPortraitUpsideDown UIInterfaceOrientationLandscapeLeft UIInterfaceOrientationLandscapeRight";
				INFOPLIST_KEY_UISupportedInterfaceOrientations_iPhone = "UIInterfaceOrientationPortrait UIInterfaceOrientationLandscapeLeft UIInterfaceOrientationLandscapeRight";
				LD_RUNPATH_SEARCH_PATHS = (
					"$(inherited)",
					"@executable_path/Frameworks",
				);
				MARKETING_VERSION = 1.0;
				PRODUCT_BUNDLE_IDENTIFIER = "kwk.Estee-Lauder-Challenge";
				PRODUCT_NAME = "$(TARGET_NAME)";
				SWIFT_EMIT_LOC_STRINGS = YES;
				SWIFT_VERSION = 5.0;
				TARGETED_DEVICE_FAMILY = "1,2";
			};
			name = Release;
		};
/* End XCBuildConfiguration section */

/* Begin XCConfigurationList section */
		03BCEB8C2A549E8A00AD1AF3 /* Build configuration list for PBXProject "Estee Lauder Challenge" */ = {
			isa = XCConfigurationList;
			buildConfigurations = (
				03BCEB9D2A549E9100AD1AF3 /* Debug */,
				03BCEB9E2A549E9100AD1AF3 /* Release */,
			);
			defaultConfigurationIsVisible = 0;
			defaultConfigurationName = Release;
		};
		03BCEB9F2A549E9100AD1AF3 /* Build configuration list for PBXNativeTarget "Estee Lauder Challenge" */ = {
			isa = XCConfigurationList;
			buildConfigurations = (
				03BCEBA02A549E9100AD1AF3 /* Debug */,
				03BCEBA12A549E9100AD1AF3 /* Release */,
			);
			defaultConfigurationIsVisible = 0;
			defaultConfigurationName = Release;
		};
/* End XCConfigurationList section */
	};
	rootObject = 03BCEB892A549E8900AD1AF3 /* Project object */;
}
